{
  "version": "5",
  "specifiers": {
    "jsr:@std/encoding@*": "1.0.11",
    "jsr:@supabase/supabase-js@2": "2.110.2"
  },
  "jsr": {
    "@std/encoding@1.0.11": {
      "integrity": "e7cef2f0b3153bccc17431e7c864a1de03a4b6d9647389c43e08aaa775d37385"
    },
    "@supabase/supabase-js@2.110.2": {
      "integrity": "a2ce548b8161bec056e37cfc2d4fa2243bbf664a0e0d596e9e0a076442c6cc7e"
    }
  },
  "workspace": {
    "packageJson": {
      "dependencies": [
        "npm:@supabase/supabase-js@^2.110.2",
        "npm:astro@^7.0.7",
        "npm:jspdf-autotable@^5.0.8",
        "npm:jspdf@^4.2.1"
      ]
    }
  }
}
